// !$*UTF8*$!
{
	archiveVersion = 1;
	classes = {
	};
	objectVersion = 46;
	objects = {

/* Begin PBXBuildFile section */
		4539AC891D5136DD00D0ADE3 /* AppDelegate.swift in Sources */ = {isa = PBXBuildFile; fileRef = 4539AC881D5136DD00D0ADE3 /* AppDelegate.swift */; };
		4539AC8C1D5136DD00D0ADE3 /* SwiftCommonApp.xcdatamodeld in Sources */ = {isa = PBXBuildFile; fileRef = 4539AC8A1D5136DD00D0ADE3 /* SwiftCommonApp.xcdatamodeld */; };
		4539AC8E1D5136DD00D0ADE3 /* MasterViewController.swift in Sources */ = {isa = PBXBuildFile; fileRef = 4539AC8D1D5136DD00D0ADE3 /* MasterViewController.swift */; };
		4539AC901D5136DD00D0ADE3 /* DetailViewController.swift in Sources */ = {isa = PBXBuildFile; fileRef = 4539AC8F1D5136DD00D0ADE3 /* DetailViewController.swift */; };
		4539AC931D5136DD00D0ADE3 /* Main.storyboard in Resources */ = {isa = PBXBuildFile; fileRef = 4539AC911D5136DD00D0ADE3 /* Main.storyboard */; };
		4539AC951D5136DD00D0ADE3 /* Assets.xcassets in Resources */ = {isa = PBXBuildFile; fileRef = 4539AC941D5136DD00D0ADE3 /* Assets.xcassets */; };
		4539AC981D5136DD00D0ADE3 /* LaunchScreen.storyboard in Resources */ = {isa = PBXBuildFile; fileRef = 4539AC961D5136DD00D0ADE3 /* LaunchScreen.storyboard */; };
		4539ACA31D5136DE00D0ADE3 /* SwiftCommonAppTests.swift in Sources */ = {isa = PBXBuildFile; fileRef = 4539ACA21D5136DE00D0ADE3 /* SwiftCommonAppTests.swift */; };
		4539ACAE1D5136DE00D0ADE3 /* SwiftCommonAppUITests.swift in Sources */ = {isa = PBXBuildFile; fileRef = 4539ACAD1D5136DE00D0ADE3 /* SwiftCommonAppUITests.swift */; };
/* End PBXBuildFile section */

/* Begin PBXContainerItemProxy section */
		4539AC9F1D5136DE00D0ADE3 /* PBXContainerItemProxy */ = {
			isa = PBXContainerItemProxy;
			containerPortal = 4539AC7D1D5136DD00D0ADE3 /* Project object */;
			proxyType = 1;
			remoteGlobalIDString = 4539AC841D5136DD00D0ADE3;
			remoteInfo = SwiftCommonApp;
		};
		4539ACAA1D5136DE00D0ADE3 /* PBXContainerItemProxy */ = {
			isa = PBXContainerItemProxy;
			containerPortal = 4539AC7D1D5136DD00D0ADE3 /* Project object */;
			proxyType = 1;
			remoteGlobalIDString = 4539AC841D5136DD00D0ADE3;
			remoteInfo = SwiftCommonApp;
		};
/* End PBXContainerItemProxy section */

/* Begin PBXFileReference section */
		4539AC851D5136DD00D0ADE3 /* SwiftCommonApp.app */ = {isa = PBXFileReference; explicitFileType = wrapper.application; includeInIndex = 0; path = SwiftCommonApp.app; sourceTree = BUILT_PRODUCTS_DIR; };
		4539AC881D5136DD00D0ADE3 /* AppDelegate.swift */ = {isa = PBXFileReference; lastKnownFileType = sourcecode.swift; path = AppDelegate.swift; sourceTree = "<group>"; };
		4539AC8B1D5136DD00D0ADE3 /* SwiftCommonApp.xcdatamodel */ = {isa = PBXFileReference; lastKnownFileType = wrapper.xcdatamodel; path = SwiftCommonApp.xcdatamodel; sourceTree = "<group>"; };
		4539AC8D1D5136DD00D0ADE3 /* MasterViewController.swift */ = {isa = PBXFileReference; lastKnownFileType = sourcecode.swift; path = MasterViewController.swift; sourceTree = "<group>"; };
		4539AC8F1D5136DD00D0ADE3 /* DetailViewController.swift */ = {isa = PBXFileReference; lastKnownFileType = sourcecode.swift; path = DetailViewController.swift; sourceTree = "<group>"; };
		4539AC921D5136DD00D0ADE3 /* Base */ = {isa = PBXFileReference; lastKnownFileType = file.storyboard; name = Base; path = Base.lproj/Main.storyboard; sourceTree = "<group>"; };
		4539AC941D5136DD00D0ADE3 /* Assets.xcassets */ = {isa = PBXFileReference; lastKnownFileType = folder.assetcatalog; path = Assets.xcassets; sourceTree = "<group>"; };
		4539AC971D5136DD00D0ADE3 /* Base */ = {isa = PBXFileReference; lastKnownFileType = file.storyboard; name = Base; path = Base.lproj/LaunchScreen.storyboard; sourceTree = "<group>"; };
		4539AC991D5136DE00D0ADE3 /* Info.plist */ = {isa = PBXFileReference; lastKnownFileType = text.plist.xml; path = Info.plist; sourceTree = "<group>"; };
		4539AC9E1D5136DE00D0ADE3 /* SwiftCommonAppTests.xctest */ = {isa = PBXFileReference; explicitFileType = wrapper.cfbundle; includeInIndex = 0; path = SwiftCommonAppTests.xctest; sourceTree = BUILT_PRODUCTS_DIR; };
		4539ACA21D5136DE00D0ADE3 /* SwiftCommonAppTests.swift */ = {isa = PBXFileReference; lastKnownFileType = sourcecode.swift; path = SwiftCommonAppTests.swift; sourceTree = "<group>"; };
		4539ACA41D5136DE00D0ADE3 /* Info.plist */ = {isa = PBXFileReference; lastKnownFileType = text.plist.xml; path = Info.plist; sourceTree = "<group>"; };
		4539ACA91D5136DE00D0ADE3 /* SwiftCommonAppUITests.xctest */ = {isa = PBXFileReference; explicitFileType = wrapper.cfbundle; includeInIndex = 0; path = SwiftCommonAppUITests.xctest; sourceTree = BUILT_PRODUCTS_DIR; };
		4539ACAD1D5136DE00D0ADE3 /* SwiftCommonAppUITests.swift */ = {isa = PBXFileReference; lastKnownFileType = sourcecode.swift; path = SwiftCommonAppUITests.swift; sourceTree = "<group>"; };
		4539ACAF1D5136DE00D0ADE3 /* Info.plist */ = {isa = PBXFileReference; lastKnownFileType = text.plist.xml; path = Info.plist; sourceTree = "<group>"; };
/* End PBXFileReference section */

/* Begin PBXFrameworksBuildPhase section */
		4539AC821D5136DD00D0ADE3 /* Frameworks */ = {
			isa = PBXFrameworksBuildPhase;
			buildActionMask = 2147483647;
			files = (
			);
			runOnlyForDeploymentPostprocessing = 0;
		};
		4539AC9B1D5136DE00D0ADE3 /* Frameworks */ = {
			isa = PBXFrameworksBuildPhase;
			buildActionMask = 2147483647;
			files = (
			);
			runOnlyForDeploymentPostprocessing = 0;
		};
		4539ACA61D5136DE00D0ADE3 /* Frameworks */ = {
			isa = PBXFrameworksBuildPhase;
			buildActionMask = 2147483647;
			files = (
			);
			runOnlyForDeploymentPostprocessing = 0;
		};
/* End PBXFrameworksBuildPhase section */

/* Begin PBXGroup section */
		4539AC7C1D5136DD00D0ADE3 = {
			isa = PBXGroup;
			children = (
				4539AC871D5136DD00D0ADE3 /* SwiftCommonApp */,
				4539ACA11D5136DE00D0ADE3 /* SwiftCommonAppTests */,
				4539ACAC1D5136DE00D0ADE3 /* SwiftCommonAppUITests */,
				4539AC861D5136DD00D0ADE3 /* Products */,
			);
			sourceTree = "<group>";
		};
		4539AC861D5136DD00D0ADE3 /* Products */ = {
			isa = PBXGroup;
			children = (
				4539AC851D5136DD00D0ADE3 /* SwiftCommonApp.app */,
				4539AC9E1D5136DE00D0ADE3 /* SwiftCommonAppTests.xctest */,
				4539ACA91D5136DE00D0ADE3 /* SwiftCommonAppUITests.xctest */,
			);
			name = Products;
			sourceTree = "<group>";
		};
		4539AC871D5136DD00D0ADE3 /* SwiftCommonApp */ = {
			isa = PBXGroup;
			children = (
				4539AC881D5136DD00D0ADE3 /* AppDelegate.swift */,
				4539AC8D1D5136DD00D0ADE3 /* MasterViewController.swift */,
				4539AC8F1D5136DD00D0ADE3 /* DetailViewController.swift */,
				4539AC911D5136DD00D0ADE3 /* Main.storyboard */,
				4539AC941D5136DD00D0ADE3 /* Assets.xcassets */,
				4539AC961D5136DD00D0ADE3 /* LaunchScreen.storyboard */,
				4539AC991D5136DE00D0ADE3 /* Info.plist */,
				4539AC8A1D5136DD00D0ADE3 /* SwiftCommonApp.xcdatamodeld */,
			);
			path = SwiftCommonApp;
			sourceTree = "<group>";
		};
		4539ACA11D5136DE00D0ADE3 /* SwiftCommonAppTests */ = {
			isa = PBXGroup;
			children = (
				4539ACA21D5136DE00D0ADE3 /* SwiftCommonAppTests.swift */,
				4539ACA41D5136DE00D0ADE3 /* Info.plist */,
			);
			path = SwiftCommonAppTests;
			sourceTree = "<group>";
		};
		4539ACAC1D5136DE00D0ADE3 /* SwiftCommonAppUITests */ = {
			isa = PBXGroup;
			children = (
				4539ACAD1D5136DE00D0ADE3 /* SwiftCommonAppUITests.swift */,
				4539ACAF1D5136DE00D0ADE3 /* Info.plist */,
			);
			path = SwiftCommonAppUITests;
			sourceTree = "<group>";
		};
/* End PBXGroup section */

/* Begin PBXNativeTarget section */
		4539AC841D5136DD00D0ADE3 /* SwiftCommonApp */ = {
			isa = PBXNativeTarget;
			buildConfigurationList = 4539ACB21D5136DE00D0ADE3 /* Build configuration list for PBXNativeTarget "SwiftCommonApp" */;
			buildPhases = (
				4539AC811D5136DD00D0ADE3 /* Sources */,
				4539AC821D5136DD00D0ADE3 /* Frameworks */,
				4539AC831D5136DD00D0ADE3 /* Resources */,
			);
			buildRules = (
			);
			dependencies = (
			);
			name = SwiftCommonApp;
			productName = SwiftCommonApp;
			productReference = 4539AC851D5136DD00D0ADE3 /* SwiftCommonApp.app */;
			productType = "com.apple.product-type.application";
		};
		4539AC9D1D5136DE00D0ADE3 /* SwiftCommonAppTests */ = {
			isa = PBXNativeTarget;
			buildConfigurationList = 4539ACB51D5136DE00D0ADE3 /* Build configuration list for PBXNativeTarget "SwiftCommonAppTests" */;
			buildPhases = (
				4539AC9A1D5136DE00D0ADE3 /* Sources */,
				4539AC9B1D5136DE00D0ADE3 /* Frameworks */,
				4539AC9C1D5136DE00D0ADE3 /* Resources */,
			);
			buildRules = (
			);
			dependencies = (
				4539ACA01D5136DE00D0ADE3 /* PBXTargetDependency */,
			);
			name = SwiftCommonAppTests;
			productName = SwiftCommonAppTests;
			productReference = 4539AC9E1D5136DE00D0ADE3 /* SwiftCommonAppTests.xctest */;
			productType = "com.apple.product-type.bundle.unit-test";
		};
		4539ACA81D5136DE00D0ADE3 /* SwiftCommonAppUITests */ = {
			isa = PBXNativeTarget;
			buildConfigurationList = 4539ACB81D5136DE00D0ADE3 /* Build configuration list for PBXNativeTarget "SwiftCommonAppUITests" */;
			buildPhases = (
				4539ACA51D5136DE00D0ADE3 /* Sources */,
				4539ACA61D5136DE00D0ADE3 /* Frameworks */,
				4539ACA71D5136DE00D0ADE3 /* Resources */,
			);
			buildRules = (
			);
			dependencies = (
				4539ACAB1D5136DE00D0ADE3 /* PBXTargetDependency */,
			);
			name = SwiftCommonAppUITests;
			productName = SwiftCommonAppUITests;
			productReference = 4539ACA91D5136DE00D0ADE3 /* SwiftCommonAppUITests.xctest */;
			productType = "com.apple.product-type.bundle.ui-testing";
		};
/* End PBXNativeTarget section */

/* Begin PBXProject section */
		4539AC7D1D5136DD00D0ADE3 /* Project object */ = {
			isa = PBXProject;
			attributes = {
				LastSwiftUpdateCheck = 0730;
				LastUpgradeCheck = 0730;
				ORGANIZATIONNAME = "John O'Sullivan";
				TargetAttributes = {
					4539AC841D5136DD00D0ADE3 = {
						CreatedOnToolsVersion = 7.3.1;
					};
					4539AC9D1D5136DE00D0ADE3 = {
						CreatedOnToolsVersion = 7.3.1;
						TestTargetID = 4539AC841D5136DD00D0ADE3;
					};
					4539ACA81D5136DE00D0ADE3 = {
						CreatedOnToolsVersion = 7.3.1;
						TestTargetID = 4539AC841D5136DD00D0ADE3;
					};
				};
			};
			buildConfigurationList = 4539AC801D5136DD00D0ADE3 /* Build configuration list for PBXProject "SwiftCommonApp" */;
			compatibilityVersion = "Xcode 3.2";
			developmentRegion = English;
			hasScannedForEncodings = 0;
			knownRegions = (
				en,
				Base,
			);
			mainGroup = 4539AC7C1D5136DD00D0ADE3;
			productRefGroup = 4539AC861D5136DD00D0ADE3 /* Products */;
			projectDirPath = "";
			projectRoot = "";
			targets = (
				4539AC841D5136DD00D0ADE3 /* SwiftCommonApp */,
				4539AC9D1D5136DE00D0ADE3 /* SwiftCommonAppTests */,
				4539ACA81D5136DE00D0ADE3 /* SwiftCommonAppUITests */,
			);
		};
/* End PBXProject section */

/* Begin PBXResourcesBuildPhase section */
		4539AC831D5136DD00D0ADE3 /* Resources */ = {
			isa = PBXResourcesBuildPhase;
			buildActionMask = 2147483647;
			files = (
				4539AC981D5136DD00D0ADE3 /* LaunchScreen.storyboard in Resources */,
				4539AC951D5136DD00D0ADE3 /* Assets.xcassets in Resources */,
				4539AC931D5136DD00D0ADE3 /* Main.storyboard in Resources */,
			);
			runOnlyForDeploymentPostprocessing = 0;
		};
		4539AC9C1D5136DE00D0ADE3 /* Resources */ = {
			isa = PBXResourcesBuildPhase;
			buildActionMask = 2147483647;
			files = (
			);
			runOnlyForDeploymentPostprocessing = 0;
		};
		4539ACA71D5136DE00D0ADE3 /* Resources */ = {
			isa = PBXResourcesBuildPhase;
			buildActionMask = 2147483647;
			files = (
			);
			runOnlyForDeploymentPostprocessing = 0;
		};
/* End PBXResourcesBuildPhase section */

/* Begin PBXSourcesBuildPhase section */
		4539AC811D5136DD00D0ADE3 /* Sources */ = {
			isa = PBXSourcesBuildPhase;
			buildActionMask = 2147483647;
			files = (
				4539AC8C1D5136DD00D0ADE3 /* SwiftCommonApp.xcdatamodeld in Sources */,
				4539AC891D5136DD00D0ADE3 /* AppDelegate.swift in Sources */,
				4539AC8E1D5136DD00D0ADE3 /* MasterViewController.swift in Sources */,
				4539AC901D5136DD00D0ADE3 /* DetailViewController.swift in Sources */,
			);
			runOnlyForDeploymentPostprocessing = 0;
		};
		4539AC9A1D5136DE00D0ADE3 /* Sources */ = {
			isa = PBXSourcesBuildPhase;
			buildActionMask = 2147483647;
			files = (
				4539ACA31D5136DE00D0ADE3 /* SwiftCommonAppTests.swift in Sources */,
			);
			runOnlyForDeploymentPostprocessing = 0;
		};
		4539ACA51D5136DE00D0ADE3 /* Sources */ = {
			isa = PBXSourcesBuildPhase;
			buildActionMask = 2147483647;
			files = (
				4539ACAE1D5136DE00D0ADE3 /* SwiftCommonAppUITests.swift in Sources */,
			);
			runOnlyForDeploymentPostprocessing = 0;
		};
/* End PBXSourcesBuildPhase section */

/* Begin PBXTargetDependency section */
		4539ACA01D5136DE00D0ADE3 /* PBXTargetDependency */ = {
			isa = PBXTargetDependency;
			target = 4539AC841D5136DD00D0ADE3 /* SwiftCommonApp */;
			targetProxy = 4539AC9F1D5136DE00D0ADE3 /* PBXContainerItemProxy */;
		};
		4539ACAB1D5136DE00D0ADE3 /* PBXTargetDependency */ = {
			isa = PBXTargetDependency;
			target = 4539AC841D5136DD00D0ADE3 /* SwiftCommonApp */;
			targetProxy = 4539ACAA1D5136DE00D0ADE3 /* PBXContainerItemProxy */;
		};
/* End PBXTargetDependency section */

/* Begin PBXVariantGroup section */
		4539AC911D5136DD00D0ADE3 /* Main.storyboard */ = {
			isa = PBXVariantGroup;
			children = (
				4539AC921D5136DD00D0ADE3 /* Base */,
			);
			name = Main.storyboard;
			sourceTree = "<group>";
		};
		4539AC961D5136DD00D0ADE3 /* LaunchScreen.storyboard */ = {
			isa = PBXVariantGroup;
			children = (
				4539AC971D5136DD00D0ADE3 /* Base */,
			);
			name = LaunchScreen.storyboard;
			sourceTree = "<group>";
		};
/* End PBXVariantGroup section */

/* Begin XCBuildConfiguration section */
		4539ACB01D5136DE00D0ADE3 /* Debug */ = {
			isa = XCBuildConfiguration;
			buildSettings = {
				ALWAYS_SEARCH_USER_PATHS = NO;
				CLANG_ANALYZER_NONNULL = YES;
				CLANG_CXX_LANGUAGE_STANDARD = "gnu++0x";
				CLANG_CXX_LIBRARY = "libc++";
				CLANG_ENABLE_MODULES = YES;
				CLANG_ENABLE_OBJC_ARC = YES;
				CLANG_WARN_BOOL_CONVERSION = YES;
				CLANG_WARN_CONSTANT_CONVERSION = YES;
				CLANG_WARN_DIRECT_OBJC_ISA_USAGE = YES_ERROR;
				CLANG_WARN_EMPTY_BODY = YES;
				CLANG_WARN_ENUM_CONVERSION = YES;
				CLANG_WARN_INT_CONVERSION = YES;
				CLANG_WARN_OBJC_ROOT_CLASS = YES_ERROR;
				CLANG_WARN_UNREACHABLE_CODE = YES;
				CLANG_WARN__DUPLICATE_METHOD_MATCH = YES;
				"CODE_SIGN_IDENTITY[sdk=iphoneos*]" = "iPhone Developer";
				COPY_PHASE_STRIP = NO;
				DEBUG_INFORMATION_FORMAT = dwarf;
				ENABLE_STRICT_OBJC_MSGSEND = YES;
				ENABLE_TESTABILITY = YES;
				GCC_C_LANGUAGE_STANDARD = gnu99;
				GCC_DYNAMIC_NO_PIC = NO;
				GCC_NO_COMMON_BLOCKS = YES;
				GCC_OPTIMIZATION_LEVEL = 0;
				GCC_PREPROCESSOR_DEFINITIONS = (
					"DEBUG=1",
					"$(inherited)",
				);
				GCC_WARN_64_TO_32_BIT_CONVERSION = YES;
				GCC_WARN_ABOUT_RETURN_TYPE = YES_ERROR;
				GCC_WARN_UNDECLARED_SELECTOR = YES;
				GCC_WARN_UNINITIALIZED_AUTOS = YES_AGGRESSIVE;
				GCC_WARN_UNUSED_FUNCTION = YES;
				GCC_WARN_UNUSED_VARIABLE = YES;
				IPHONEOS_DEPLOYMENT_TARGET = 9.3;
				MTL_ENABLE_DEBUG_INFO = YES;
				ONLY_ACTIVE_ARCH = YES;
				SDKROOT = iphoneos;
				SWIFT_OPTIMIZATION_LEVEL = "-Onone";
			};
			name = Debug;
		};
		4539ACB11D5136DE00D0ADE3 /* Release */ = {
			isa = XCBuildConfiguration;
			buildSettings = {
				ALWAYS_SEARCH_USER_PATHS = NO;
				CLANG_ANALYZER_NONNULL = YES;
				CLANG_CXX_LANGUAGE_STANDARD = "gnu++0x";
				CLANG_CXX_LIBRARY = "libc++";
				CLANG_ENABLE_MODULES = YES;
				CLANG_ENABLE_OBJC_ARC = YES;
				CLANG_WARN_BOOL_CONVERSION = YES;
				CLANG_WARN_CONSTANT_CONVERSION = YES;
				CLANG_WARN_DIRECT_OBJC_ISA_USAGE = YES_ERROR;
				CLANG_WARN_EMPTY_BODY = YES;
				CLANG_WARN_ENUM_CONVERSION = YES;
				CLANG_WARN_INT_CONVERSION = YES;
				CLANG_WARN_OBJC_ROOT_CLASS = YES_ERROR;
				CLANG_WARN_UNREACHABLE_CODE = YES;
				CLANG_WARN__DUPLICATE_METHOD_MATCH = YES;
				"CODE_SIGN_IDENTITY[sdk=iphoneos*]" = "iPhone Developer";
				COPY_PHASE_STRIP = NO;
				DEBUG_INFORMATION_FORMAT = "dwarf-with-dsym";
				ENABLE_NS_ASSERTIONS = NO;
				ENABLE_STRICT_OBJC_MSGSEND = YES;
				GCC_C_LANGUAGE_STANDARD = gnu99;
				GCC_NO_COMMON_BLOCKS = YES;
				GCC_WARN_64_TO_32_BIT_CONVERSION = YES;
				GCC_WARN_ABOUT_RETURN_TYPE = YES_ERROR;
				GCC_WARN_UNDECLARED_SELECTOR = YES;
				GCC_WARN_UNINITIALIZED_AUTOS = YES_AGGRESSIVE;
				GCC_WARN_UNUSED_FUNCTION = YES;
				GCC_WARN_UNUSED_VARIABLE = YES;
				IPHONEOS_DEPLOYMENT_TARGET = 9.3;
				MTL_ENABLE_DEBUG_INFO = NO;
				SDKROOT = iphoneos;
				VALIDATE_PRODUCT = YES;
			};
			name = Release;
		};
		4539ACB31D5136DE00D0ADE3 /* Debug */ = {
			isa = XCBuildConfiguration;
			buildSettings = {
				ASSETCATALOG_COMPILER_APPICON_NAME = AppIcon;
				INFOPLIST_FILE = SwiftCommonApp/Info.plist;
				LD_RUNPATH_SEARCH_PATHS = "$(inherited) @executable_path/Frameworks";
				PRODUCT_BUNDLE_IDENTIFIER = techman.SwiftCommonApp;
				PRODUCT_NAME = "$(TARGET_NAME)";
			};
			name = Debug;
		};
		4539ACB41D5136DE00D0ADE3 /* Release */ = {
			isa = XCBuildConfiguration;
			buildSettings = {
				ASSETCATALOG_COMPILER_APPICON_NAME = AppIcon;
				INFOPLIST_FILE = SwiftCommonApp/Info.plist;
				LD_RUNPATH_SEARCH_PATHS = "$(inherited) @executable_path/Frameworks";
				PRODUCT_BUNDLE_IDENTIFIER = techman.SwiftCommonApp;
				PRODUCT_NAME = "$(TARGET_NAME)";
			};
			name = Release;
		};
		4539ACB61D5136DE00D0ADE3 /* Debug */ = {
			isa = XCBuildConfiguration;
			buildSettings = {
				BUNDLE_LOADER = "$(TEST_HOST)";
				INFOPLIST_FILE = SwiftCommonAppTests/Info.plist;
				LD_RUNPATH_SEARCH_PATHS = "$(inherited) @executable_path/Frameworks @loader_path/Frameworks";
				PRODUCT_BUNDLE_IDENTIFIER = techman.SwiftCommonAppTests;
				PRODUCT_NAME = "$(TARGET_NAME)";
				TEST_HOST = "$(BUILT_PRODUCTS_DIR)/SwiftCommonApp.app/SwiftCommonApp";
			};
			name = Debug;
		};
		4539ACB71D5136DE00D0ADE3 /* Release */ = {
			isa = XCBuildConfiguration;
			buildSettings = {
				BUNDLE_LOADER = "$(TEST_HOST)";
				INFOPLIST_FILE = SwiftCommonAppTests/Info.plist;
				LD_RUNPATH_SEARCH_PATHS = "$(inherited) @executable_path/Frameworks @loader_path/Frameworks";
				PRODUCT_BUNDLE_IDENTIFIER = techman.SwiftCommonAppTests;
				PRODUCT_NAME = "$(TARGET_NAME)";
				TEST_HOST = "$(BUILT_PRODUCTS_DIR)/SwiftCommonApp.app/SwiftCommonApp";
			};
			name = Release;
		};
		4539ACB91D5136DE00D0ADE3 /* Debug */ = {
			isa = XCBuildConfiguration;
			buildSettings = {
				INFOPLIST_FILE = SwiftCommonAppUITests/Info.plist;
				LD_RUNPATH_SEARCH_PATHS = "$(inherited) @executable_path/Frameworks @loader_path/Frameworks";
				PRODUCT_BUNDLE_IDENTIFIER = techman.SwiftCommonAppUITests;
				PRODUCT_NAME = "$(TARGET_NAME)";
				TEST_TARGET_NAME = SwiftCommonApp;
			};
			name = Debug;
		};
		4539ACBA1D5136DE00D0ADE3 /* Release */ = {
			isa = XCBuildConfiguration;
			buildSettings = {
				INFOPLIST_FILE = SwiftCommonAppUITests/Info.plist;
				LD_RUNPATH_SEARCH_PATHS = "$(inherited) @executable_path/Frameworks @loader_path/Frameworks";
				PRODUCT_BUNDLE_IDENTIFIER = techman.SwiftCommonAppUITests;
				PRODUCT_NAME = "$(TARGET_NAME)";
				TEST_TARGET_NAME = SwiftCommonApp;
			};
			name = Release;
		};
/* End XCBuildConfiguration section */

/* Begin XCConfigurationList section */
		4539AC801D5136DD00D0ADE3 /* Build configuration list for PBXProject "SwiftCommonApp" */ = {
			isa = XCConfigurationList;
			buildConfigurations = (
				4539ACB01D5136DE00D0ADE3 /* Debug */,
				4539ACB11D5136DE00D0ADE3 /* Release */,
			);
			defaultConfigurationIsVisible = 0;
			defaultConfigurationName = Release;
		};
		4539ACB21D5136DE00D0ADE3 /* Build configuration list for PBXNativeTarget "SwiftCommonApp" */ = {
			isa = XCConfigurationList;
			buildConfigurations = (
				4539ACB31D5136DE00D0ADE3 /* Debug */,
				4539ACB41D5136DE00D0ADE3 /* Release */,
			);
			defaultConfigurationIsVisible = 0;
		};
		4539ACB51D5136DE00D0ADE3 /* Build configuration list for PBXNativeTarget "SwiftCommonAppTests" */ = {
			isa = XCConfigurationList;
			buildConfigurations = (
				4539ACB61D5136DE00D0ADE3 /* Debug */,
				4539ACB71D5136DE00D0ADE3 /* Release */,
			);
			defaultConfigurationIsVisible = 0;
		};
		4539ACB81D5136DE00D0ADE3 /* Build configuration list for PBXNativeTarget "SwiftCommonAppUITests" */ = {
			isa = XCConfigurationList;
			buildConfigurations = (
				4539ACB91D5136DE00D0ADE3 /* Debug */,
				4539ACBA1D5136DE00D0ADE3 /* Release */,
			);
			defaultConfigurationIsVisible = 0;
		};
/* End XCConfigurationList section */

/* Begin XCVersionGroup section */
		4539AC8A1D5136DD00D0ADE3 /* SwiftCommonApp.xcdatamodeld */ = {
			isa = XCVersionGroup;
			children = (
				4539AC8B1D5136DD00D0ADE3 /* SwiftCommonApp.xcdatamodel */,
			);
			currentVersion = 4539AC8B1D5136DD00D0ADE3 /* SwiftCommonApp.xcdatamodel */;
			path = SwiftCommonApp.xcdatamodeld;
			sourceTree = "<group>";
			versionGroupType = wrapper.xcdatamodel;
		};
/* End XCVersionGroup section */
	};
	rootObject = 4539AC7D1D5136DD00D0ADE3 /* Project object */;
}
